
Microsoft Visual Studio Solution File, Format Version 12.00
# Visual Studio Version 17
VisualStudioVersion = 17.8.34525.116
MinimumVisualStudioVersion = 10.0.40219.1
Project("{2150E333-8FDC-42A3-9474-1A3956D46DE8}") = "02.Data", "02.Data", "{9AF40602-3D03-4CF4-A641-B1C64F576B82}"
EndProject
Project("{2150E333-8FDC-42A3-9474-1A3956D46DE8}") = "01.Common", "01.Common", "{CC3117E8-8FE0-48E9-9FF5-C0717648A761}"
EndProject
Project("{2150E333-8FDC-42A3-9474-1A3956D46DE8}") = "03.Model", "03.Model", "{A4D718F4-B7D0-4CA2-9642-7AF43A83C994}"
EndProject
Project("{2150E333-8FDC-42A3-9474-1A3956D46DE8}") = "05.Presentation", "05.Presentation", "{449B145B-0FE6-4719-BF94-399F71729C6A}"
EndProject
Project("{2150E333-8FDC-42A3-9474-1A3956D46DE8}") = "04.Service", "04.Service", "{BEAB62AD-50B6-4D27-8A7A-359E7EFDE1F8}"
EndProject
Project("{FAE04EC0-301F-11D3-BF4B-00C04F79EFBC}") = "Damoyeo.Common", "Damoyeo.Common\Damoyeo.Common.csproj", "{9F9CEB9F-4C51-40A8-BE50-85792E5D6E6F}"
EndProject
Project("{FAE04EC0-301F-11D3-BF4B-00C04F79EFBC}") = "Damoyeo.Data", "Damoyeo.Data\Damoyeo.Data.csproj", "{33B661D9-459A-4A2B-B09C-B564184796B7}"
EndProject
Project("{FAE04EC0-301F-11D3-BF4B-00C04F79EFBC}") = "Damoyeo.Model", "Damoyeo.Model\Damoyeo.Model.csproj", "{A321C1F6-7CC5-47B3-9196-9F1C4D8A01DF}"
EndProject
Project("{FAE04EC0-301F-11D3-BF4B-00C04F79EFBC}") = "Damoyeo.Service", "Damoyeo.Service\Damoyeo.Service.csproj", "{BED0BF75-F096-48C2-A774-033F325F90EE}"
EndProject
Project("{FAE04EC0-301F-11D3-BF4B-00C04F79EFBC}") = "Damoyeo.Web", "Damoyeo.Web\Damoyeo.Web.csproj", "{D10D03DD-3046-4F7F-820A-EC8CAEC27D73}"
EndProject
Global
	GlobalSection(SolutionConfigurationPlatforms) = preSolution
		Debug|Any CPU = Debug|Any CPU
		Release|Any CPU = Release|Any CPU
	EndGlobalSection
	GlobalSection(ProjectConfigurationPlatforms) = postSolution
		{9F9CEB9F-4C51-40A8-BE50-85792E5D6E6F}.Debug|Any CPU.ActiveCfg = Debug|Any CPU
		{9F9CEB9F-4C51-40A8-BE50-85792E5D6E6F}.Debug|Any CPU.Build.0 = Debug|Any CPU
		{9F9CEB9F-4C51-40A8-BE50-85792E5D6E6F}.Release|Any CPU.ActiveCfg = Release|Any CPU
		{9F9CEB9F-4C51-40A8-BE50-85792E5D6E6F}.Release|Any CPU.Build.0 = Release|Any CPU
		{33B661D9-459A-4A2B-B09C-B564184796B7}.Debug|Any CPU.ActiveCfg = Debug|Any CPU
		{33B661D9-459A-4A2B-B09C-B564184796B7}.Debug|Any CPU.Build.0 = Debug|Any CPU
		{33B661D9-459A-4A2B-B09C-B564184796B7}.Release|Any CPU.ActiveCfg = Release|Any CPU
		{33B661D9-459A-4A2B-B09C-B564184796B7}.Release|Any CPU.Build.0 = Release|Any CPU
		{A321C1F6-7CC5-47B3-9196-9F1C4D8A01DF}.Debug|Any CPU.ActiveCfg = Debug|Any CPU
		{A321C1F6-7CC5-47B3-9196-9F1C4D8A01DF}.Debug|Any CPU.Build.0 = Debug|Any CPU
		{A321C1F6-7CC5-47B3-9196-9F1C4D8A01DF}.Release|Any CPU.ActiveCfg = Release|Any CPU
		{A321C1F6-7CC5-47B3-9196-9F1C4D8A01DF}.Release|Any CPU.Build.0 = Release|Any CPU
		{BED0BF75-F096-48C2-A774-033F325F90EE}.Debug|Any CPU.ActiveCfg = Debug|Any CPU
		{BED0BF75-F096-48C2-A774-033F325F90EE}.Debug|Any CPU.Build.0 = Debug|Any CPU
		{BED0BF75-F096-48C2-A774-033F325F90EE}.Release|Any CPU.ActiveCfg = Release|Any CPU
		{BED0BF75-F096-48C2-A774-033F325F90EE}.Release|Any CPU.Build.0 = Release|Any CPU
		{D10D03DD-3046-4F7F-820A-EC8CAEC27D73}.Debug|Any CPU.ActiveCfg = Debug|Any CPU
		{D10D03DD-3046-4F7F-820A-EC8CAEC27D73}.Debug|Any CPU.Build.0 = Debug|Any CPU
		{D10D03DD-3046-4F7F-820A-EC8CAEC27D73}.Release|Any CPU.ActiveCfg = Release|Any CPU
		{D10D03DD-3046-4F7F-820A-EC8CAEC27D73}.Release|Any CPU.Build.0 = Release|Any CPU
	EndGlobalSection
	GlobalSection(SolutionProperties) = preSolution
		HideSolutionNode = FALSE
	EndGlobalSection
	GlobalSection(NestedProjects) = preSolution
		{9F9CEB9F-4C51-40A8-BE50-85792E5D6E6F} = {CC3117E8-8FE0-48E9-9FF5-C0717648A761}
		{33B661D9-459A-4A2B-B09C-B564184796B7} = {9AF40602-3D03-4CF4-A641-B1C64F576B82}
		{A321C1F6-7CC5-47B3-9196-9F1C4D8A01DF} = {A4D718F4-B7D0-4CA2-9642-7AF43A83C994}
		{BED0BF75-F096-48C2-A774-033F325F90EE} = {BEAB62AD-50B6-4D27-8A7A-359E7EFDE1F8}
		{D10D03DD-3046-4F7F-820A-EC8CAEC27D73} = {449B145B-0FE6-4719-BF94-399F71729C6A}
	EndGlobalSection
	GlobalSection(ExtensibilityGlobals) = postSolution
		SolutionGuid = {422A4CFB-C976-4DB2-827B-07A9858E87F5}
	EndGlobalSection
EndGlobal
